
Microsoft Visual Studio Solution File, Format Version 12.00
# Visual Studio Version 16
VisualStudioVersion = 16.0.29709.97
MinimumVisualStudioVersion = 10.0.40219.1
Project("{FAE04EC0-301F-11D3-BF4B-00C04F79EFBC}") = "WPF_Lab1", "WPF_Lab1\WPF_Lab1.csproj", "{8AD39F8D-5A89-47F1-A689-538F6CC197E3}"
EndProject
Global
	GlobalSection(SolutionConfigurationPlatforms) = preSolution
		Debug|Any CPU = Debug|Any CPU
		Release|Any CPU = Release|Any CPU
	EndGlobalSection
	GlobalSection(ProjectConfigurationPlatforms) = postSolution
		{8AD39F8D-5A89-47F1-A689-538F6CC197E3}.Debug|Any CPU.ActiveCfg = Debug|Any CPU
		{8AD39F8D-5A89-47F1-A689-538F6CC197E3}.Debug|Any CPU.Build.0 = Debug|Any CPU
		{8AD39F8D-5A89-47F1-A689-538F6CC197E3}.Release|Any CPU.ActiveCfg = Release|Any CPU
		{8AD39F8D-5A89-47F1-A689-538F6CC197E3}.Release|Any CPU.Build.0 = Release|Any CPU
	EndGlobalSection
	GlobalSection(SolutionProperties) = preSolution
		HideSolutionNode = FALSE
	EndGlobalSection
	GlobalSection(ExtensibilityGlobals) = postSolution
		SolutionGuid = {7347FA80-77F5-41F8-8F7A-76AB5B2A12D0}
	EndGlobalSection
EndGlobal
